{
  "name": "pareto-core-query",
  "version": "0.0.2",
  "lockfileVersion": 3,
  "requires": true,
  "packages": {
    "": {
      "name": "pareto-core-query",
      "version": "0.0.2",
      "license": "ISC",
      "dependencies": {
        "pareto-core-internals": "^0.24.7"
      }
    },
    "node_modules/pareto-core-interface": {
      "version": "0.1.3",
      "resolved": "https://registry.npmjs.org/pareto-core-interface/-/pareto-core-interface-0.1.3.tgz",
      "integrity": "sha512-GaN3RvilunZGljQjCscmE9hiTETYe9nOtI1wxTod1DpTOsKmqDTy104BB/UbK0pSXr/RoY1epPR+V1fQOILknw==",
      "license": "Apache-2.0"
    },
    "node_modules/pareto-core-internals": {
      "version": "0.24.7",
      "resolved": "https://registry.npmjs.org/pareto-core-internals/-/pareto-core-internals-0.24.7.tgz",
      "integrity": "sha512-HsX9DOPMNI8sl3lnKXe4QCJ6C6QqT60fxmGiFqXAr5bqg/bkjODn1K6Svq152ajf51oNwoL25gWwHxOwvrTR8A==",
      "license": "ISC",
      "dependencies": {
        "pareto-core-interface": "^0.1.2"
      }
    }
  }
}
